schema: '2.0'
stages:
  data_ingestion:
    cmd: python -m src.data.data_ingestion
    deps:
    - path: 
        https://raw.githubusercontent.com/Himanshu-1703/reddit-sentiment-analysis/refs/heads/main/data/reddit.csv
      hash: md5
      checksum: '"72bd91cafc90b28b65f9f17e7da48cd0a227332f89f7cc1e61a0b5be4d317002"'
      size: 6888934
    - path: src/data/data_ingestion.py
      hash: md5
      md5: 94feb56401e48eac2e2b627754168011
      size: 1636
  data_cleaning:
    cmd: python -m  src.data.data_cleaning
    deps:
    - path: data/raw/raw.csv
      hash: md5
      md5: ed08851a4885f9345593b79d81dc78d9
      size: 6917904
    - path: src/data/data_cleaning.py
      hash: md5
      md5: f25222d7a7aeeb2f499c247458882b17
      size: 3131
  model_training:
    cmd: python -m src.models.train_model
    deps:
    - path: src/models/train_model.py
      hash: md5
      md5: faff2c2fa890adc65f31ab9706f7e3b4
      size: 7762
  model_evulation:
    cmd: python -m src.models.evalute
    deps:
    - path: src/models/evalute.py
      hash: md5
      md5: e1226d1fa82429171fb741760b007649
      size: 4673
